// !$*UTF8*$!
{
	archiveVersion = 1;
	classes = {
	};
	objectVersion = 51;
	objects = {

/* Begin PBXBuildFile section */
		340C51746AC9D81FC122B2E4 /* Pods_GhProfileTests.framework in Frameworks */ = {isa = PBXBuildFile; fileRef = 5B203AE9D0729EAFD9E31CEA /* Pods_GhProfileTests.framework */; };
		7970DF4E26154B610094B1D8 /* AppDelegate.swift in Sources */ = {isa = PBXBuildFile; fileRef = 7970DF4D26154B610094B1D8 /* AppDelegate.swift */; };
		7970DF5226154B610094B1D8 /* ViewController.swift in Sources */ = {isa = PBXBuildFile; fileRef = 7970DF5126154B610094B1D8 /* ViewController.swift */; };
		7970DF5526154B610094B1D8 /* Main.storyboard in Resources */ = {isa = PBXBuildFile; fileRef = 7970DF5326154B610094B1D8 /* Main.storyboard */; };
		7970DF5726154B620094B1D8 /* Assets.xcassets in Resources */ = {isa = PBXBuildFile; fileRef = 7970DF5626154B620094B1D8 /* Assets.xcassets */; };
		7970DF5A26154B620094B1D8 /* LaunchScreen.storyboard in Resources */ = {isa = PBXBuildFile; fileRef = 7970DF5826154B620094B1D8 /* LaunchScreen.storyboard */; };
		7970DF6526154B620094B1D8 /* GhProfileTests.swift in Sources */ = {isa = PBXBuildFile; fileRef = 7970DF6426154B620094B1D8 /* GhProfileTests.swift */; };
		7970DF7026154B620094B1D8 /* GhProfileUITests.swift in Sources */ = {isa = PBXBuildFile; fileRef = 7970DF6F26154B620094B1D8 /* GhProfileUITests.swift */; };
		7970DF98261574070094B1D8 /* schema.json in Resources */ = {isa = PBXBuildFile; fileRef = 7970DF97261574070094B1D8 /* schema.json */; };
		7970DFA0261574820094B1D8 /* GetRepositories.graphql in Resources */ = {isa = PBXBuildFile; fileRef = 7970DF9F261574820094B1D8 /* GetRepositories.graphql */; };
		7970DFB326157A7D0094B1D8 /* API.swift in Sources */ = {isa = PBXBuildFile; fileRef = 7970DFB226157A7D0094B1D8 /* API.swift */; };
		7970DFBA26158DCB0094B1D8 /* ProfileViewController.swift in Sources */ = {isa = PBXBuildFile; fileRef = 7970DFB926158DCB0094B1D8 /* ProfileViewController.swift */; };
		7970DFC726159FF50094B1D8 /* RepositoryCell.swift in Sources */ = {isa = PBXBuildFile; fileRef = 7970DFC626159FF50094B1D8 /* RepositoryCell.swift */; };
		7970DFCD2615AEF50094B1D8 /* Service.swift in Sources */ = {isa = PBXBuildFile; fileRef = 7970DFCC2615AEF50094B1D8 /* Service.swift */; };
		7970DFD22615B11A0094B1D8 /* GetPinnedRepositories.graphql in Resources */ = {isa = PBXBuildFile; fileRef = 7970DFD12615B11A0094B1D8 /* GetPinnedRepositories.graphql */; };
		7970DFD72615B2030094B1D8 /* RemoteRepo.swift in Sources */ = {isa = PBXBuildFile; fileRef = 7970DFD62615B2030094B1D8 /* RemoteRepo.swift */; };
		7970DFDC2615B20F0094B1D8 /* Repo.swift in Sources */ = {isa = PBXBuildFile; fileRef = 7970DFDB2615B20F0094B1D8 /* Repo.swift */; };
		79D411742615B5DE00EBE41B /* ProfilePresenter.swift in Sources */ = {isa = PBXBuildFile; fileRef = 79D411732615B5DE00EBE41B /* ProfilePresenter.swift */; };
		79D4117B2615C46E00EBE41B /* RequestError.swift in Sources */ = {isa = PBXBuildFile; fileRef = 79D4117A2615C46E00EBE41B /* RequestError.swift */; };
		79D411802615CF7800EBE41B /* RepositoryModel.swift in Sources */ = {isa = PBXBuildFile; fileRef = 79D4117F2615CF7800EBE41B /* RepositoryModel.swift */; };
		79D4118E2615DC7A00EBE41B /* Ext+String.swift in Sources */ = {isa = PBXBuildFile; fileRef = 79D4118D2615DC7A00EBE41B /* Ext+String.swift */; };
		79D411962615E16900EBE41B /* User.swift in Sources */ = {isa = PBXBuildFile; fileRef = 79D411952615E16900EBE41B /* User.swift */; };
		79D4119B2615EA0700EBE41B /* GetProfile.graphql in Resources */ = {isa = PBXBuildFile; fileRef = 79D4119A2615EA0700EBE41B /* GetProfile.graphql */; };
		91E8E713CFDBBE2F9A8A5F44 /* Pods_GhProfile_GhProfileUITests.framework in Frameworks */ = {isa = PBXBuildFile; fileRef = 904EE4DAA6674D2541885C52 /* Pods_GhProfile_GhProfileUITests.framework */; };
		94E550C3C8C99EB3D6E8E925 /* Pods_GhProfile.framework in Frameworks */ = {isa = PBXBuildFile; fileRef = 61E0288DF8E688C81D37A9FC /* Pods_GhProfile.framework */; };
/* End PBXBuildFile section */

/* Begin PBXContainerItemProxy section */
		7970DF6126154B620094B1D8 /* PBXContainerItemProxy */ = {
			isa = PBXContainerItemProxy;
			containerPortal = 7970DF4226154B610094B1D8 /* Project object */;
			proxyType = 1;
			remoteGlobalIDString = 7970DF4926154B610094B1D8;
			remoteInfo = GhProfile;
		};
		7970DF6C26154B620094B1D8 /* PBXContainerItemProxy */ = {
			isa = PBXContainerItemProxy;
			containerPortal = 7970DF4226154B610094B1D8 /* Project object */;
			proxyType = 1;
			remoteGlobalIDString = 7970DF4926154B610094B1D8;
			remoteInfo = GhProfile;
		};
/* End PBXContainerItemProxy section */

/* Begin PBXFileReference section */
		08B23AAA0D9927CB97AC0FD8 /* Pods-GhProfile-GhProfileUITests.debug.xcconfig */ = {isa = PBXFileReference; includeInIndex = 1; lastKnownFileType = text.xcconfig; name = "Pods-GhProfile-GhProfileUITests.debug.xcconfig"; path = "Target Support Files/Pods-GhProfile-GhProfileUITests/Pods-GhProfile-GhProfileUITests.debug.xcconfig"; sourceTree = "<group>"; };
		1F1303D29F4A363723B29916 /* Pods-GhProfileTests.release.xcconfig */ = {isa = PBXFileReference; includeInIndex = 1; lastKnownFileType = text.xcconfig; name = "Pods-GhProfileTests.release.xcconfig"; path = "Target Support Files/Pods-GhProfileTests/Pods-GhProfileTests.release.xcconfig"; sourceTree = "<group>"; };
		5842891A5FB99474DBC6BB88 /* Pods-GhProfile.release.xcconfig */ = {isa = PBXFileReference; includeInIndex = 1; lastKnownFileType = text.xcconfig; name = "Pods-GhProfile.release.xcconfig"; path = "Target Support Files/Pods-GhProfile/Pods-GhProfile.release.xcconfig"; sourceTree = "<group>"; };
		5B203AE9D0729EAFD9E31CEA /* Pods_GhProfileTests.framework */ = {isa = PBXFileReference; explicitFileType = wrapper.framework; includeInIndex = 0; path = Pods_GhProfileTests.framework; sourceTree = BUILT_PRODUCTS_DIR; };
		61E0288DF8E688C81D37A9FC /* Pods_GhProfile.framework */ = {isa = PBXFileReference; explicitFileType = wrapper.framework; includeInIndex = 0; path = Pods_GhProfile.framework; sourceTree = BUILT_PRODUCTS_DIR; };
		7970DF4A26154B610094B1D8 /* GhProfile.app */ = {isa = PBXFileReference; explicitFileType = wrapper.application; includeInIndex = 0; path = GhProfile.app; sourceTree = BUILT_PRODUCTS_DIR; };
		7970DF4D26154B610094B1D8 /* AppDelegate.swift */ = {isa = PBXFileReference; lastKnownFileType = sourcecode.swift; path = AppDelegate.swift; sourceTree = "<group>"; };
		7970DF5126154B610094B1D8 /* ViewController.swift */ = {isa = PBXFileReference; lastKnownFileType = sourcecode.swift; path = ViewController.swift; sourceTree = "<group>"; };
		7970DF5426154B610094B1D8 /* Base */ = {isa = PBXFileReference; lastKnownFileType = file.storyboard; name = Base; path = Base.lproj/Main.storyboard; sourceTree = "<group>"; };
		7970DF5626154B620094B1D8 /* Assets.xcassets */ = {isa = PBXFileReference; lastKnownFileType = folder.assetcatalog; path = Assets.xcassets; sourceTree = "<group>"; };
		7970DF5926154B620094B1D8 /* Base */ = {isa = PBXFileReference; lastKnownFileType = file.storyboard; name = Base; path = Base.lproj/LaunchScreen.storyboard; sourceTree = "<group>"; };
		7970DF5B26154B620094B1D8 /* Info.plist */ = {isa = PBXFileReference; lastKnownFileType = text.plist.xml; path = Info.plist; sourceTree = "<group>"; };
		7970DF6026154B620094B1D8 /* GhProfileTests.xctest */ = {isa = PBXFileReference; explicitFileType = wrapper.cfbundle; includeInIndex = 0; path = GhProfileTests.xctest; sourceTree = BUILT_PRODUCTS_DIR; };
		7970DF6426154B620094B1D8 /* GhProfileTests.swift */ = {isa = PBXFileReference; lastKnownFileType = sourcecode.swift; path = GhProfileTests.swift; sourceTree = "<group>"; };
		7970DF6626154B620094B1D8 /* Info.plist */ = {isa = PBXFileReference; lastKnownFileType = text.plist.xml; path = Info.plist; sourceTree = "<group>"; };
		7970DF6B26154B620094B1D8 /* GhProfileUITests.xctest */ = {isa = PBXFileReference; explicitFileType = wrapper.cfbundle; includeInIndex = 0; path = GhProfileUITests.xctest; sourceTree = BUILT_PRODUCTS_DIR; };
		7970DF6F26154B620094B1D8 /* GhProfileUITests.swift */ = {isa = PBXFileReference; lastKnownFileType = sourcecode.swift; path = GhProfileUITests.swift; sourceTree = "<group>"; };
		7970DF7126154B620094B1D8 /* Info.plist */ = {isa = PBXFileReference; lastKnownFileType = text.plist.xml; path = Info.plist; sourceTree = "<group>"; };
		7970DF97261574070094B1D8 /* schema.json */ = {isa = PBXFileReference; lastKnownFileType = text.json; path = schema.json; sourceTree = "<group>"; };
		7970DF9F261574820094B1D8 /* GetRepositories.graphql */ = {isa = PBXFileReference; lastKnownFileType = text; path = GetRepositories.graphql; sourceTree = "<group>"; };
		7970DFB226157A7D0094B1D8 /* API.swift */ = {isa = PBXFileReference; fileEncoding = 4; lastKnownFileType = sourcecode.swift; path = API.swift; sourceTree = "<group>"; };
		7970DFB926158DCB0094B1D8 /* ProfileViewController.swift */ = {isa = PBXFileReference; lastKnownFileType = sourcecode.swift; path = ProfileViewController.swift; sourceTree = "<group>"; };
		7970DFC626159FF50094B1D8 /* RepositoryCell.swift */ = {isa = PBXFileReference; lastKnownFileType = sourcecode.swift; path = RepositoryCell.swift; sourceTree = "<group>"; };
		7970DFCC2615AEF50094B1D8 /* Service.swift */ = {isa = PBXFileReference; lastKnownFileType = sourcecode.swift; path = Service.swift; sourceTree = "<group>"; };
		7970DFD12615B11A0094B1D8 /* GetPinnedRepositories.graphql */ = {isa = PBXFileReference; lastKnownFileType = text; path = GetPinnedRepositories.graphql; sourceTree = "<group>"; };
		7970DFD62615B2030094B1D8 /* RemoteRepo.swift */ = {isa = PBXFileReference; lastKnownFileType = sourcecode.swift; path = RemoteRepo.swift; sourceTree = "<group>"; };
		7970DFDB2615B20F0094B1D8 /* Repo.swift */ = {isa = PBXFileReference; lastKnownFileType = sourcecode.swift; path = Repo.swift; sourceTree = "<group>"; };
		79D411732615B5DE00EBE41B /* ProfilePresenter.swift */ = {isa = PBXFileReference; lastKnownFileType = sourcecode.swift; path = ProfilePresenter.swift; sourceTree = "<group>"; };
		79D4117A2615C46E00EBE41B /* RequestError.swift */ = {isa = PBXFileReference; lastKnownFileType = sourcecode.swift; path = RequestError.swift; sourceTree = "<group>"; };
		79D4117F2615CF7800EBE41B /* RepositoryModel.swift */ = {isa = PBXFileReference; lastKnownFileType = sourcecode.swift; path = RepositoryModel.swift; sourceTree = "<group>"; };
		79D4118D2615DC7A00EBE41B /* Ext+String.swift */ = {isa = PBXFileReference; lastKnownFileType = sourcecode.swift; path = "Ext+String.swift"; sourceTree = "<group>"; };
		79D411952615E16900EBE41B /* User.swift */ = {isa = PBXFileReference; lastKnownFileType = sourcecode.swift; path = User.swift; sourceTree = "<group>"; };
		79D4119A2615EA0700EBE41B /* GetProfile.graphql */ = {isa = PBXFileReference; lastKnownFileType = text; path = GetProfile.graphql; sourceTree = "<group>"; };
		7DA19C7111F767A36B7D3375 /* Pods-GhProfileTests.debug.xcconfig */ = {isa = PBXFileReference; includeInIndex = 1; lastKnownFileType = text.xcconfig; name = "Pods-GhProfileTests.debug.xcconfig"; path = "Target Support Files/Pods-GhProfileTests/Pods-GhProfileTests.debug.xcconfig"; sourceTree = "<group>"; };
		904EE4DAA6674D2541885C52 /* Pods_GhProfile_GhProfileUITests.framework */ = {isa = PBXFileReference; explicitFileType = wrapper.framework; includeInIndex = 0; path = Pods_GhProfile_GhProfileUITests.framework; sourceTree = BUILT_PRODUCTS_DIR; };
		DD481BF47E750458ED02ABF3 /* Pods-GhProfile-GhProfileUITests.release.xcconfig */ = {isa = PBXFileReference; includeInIndex = 1; lastKnownFileType = text.xcconfig; name = "Pods-GhProfile-GhProfileUITests.release.xcconfig"; path = "Target Support Files/Pods-GhProfile-GhProfileUITests/Pods-GhProfile-GhProfileUITests.release.xcconfig"; sourceTree = "<group>"; };
		E330E85774F7D1C3D2970F67 /* Pods-GhProfile.debug.xcconfig */ = {isa = PBXFileReference; includeInIndex = 1; lastKnownFileType = text.xcconfig; name = "Pods-GhProfile.debug.xcconfig"; path = "Target Support Files/Pods-GhProfile/Pods-GhProfile.debug.xcconfig"; sourceTree = "<group>"; };
/* End PBXFileReference section */

/* Begin PBXFrameworksBuildPhase section */
		7970DF4726154B610094B1D8 /* Frameworks */ = {
			isa = PBXFrameworksBuildPhase;
			buildActionMask = 2147483647;
			files = (
				94E550C3C8C99EB3D6E8E925 /* Pods_GhProfile.framework in Frameworks */,
			);
			runOnlyForDeploymentPostprocessing = 0;
		};
		7970DF5D26154B620094B1D8 /* Frameworks */ = {
			isa = PBXFrameworksBuildPhase;
			buildActionMask = 2147483647;
			files = (
				340C51746AC9D81FC122B2E4 /* Pods_GhProfileTests.framework in Frameworks */,
			);
			runOnlyForDeploymentPostprocessing = 0;
		};
		7970DF6826154B620094B1D8 /* Frameworks */ = {
			isa = PBXFrameworksBuildPhase;
			buildActionMask = 2147483647;
			files = (
				91E8E713CFDBBE2F9A8A5F44 /* Pods_GhProfile_GhProfileUITests.framework in Frameworks */,
			);
			runOnlyForDeploymentPostprocessing = 0;
		};
/* End PBXFrameworksBuildPhase section */

/* Begin PBXGroup section */
		7970DF4126154B610094B1D8 = {
			isa = PBXGroup;
			children = (
				7970DF4C26154B610094B1D8 /* GhProfile */,
				7970DF6326154B620094B1D8 /* GhProfileTests */,
				7970DF6E26154B620094B1D8 /* GhProfileUITests */,
				7970DF4B26154B610094B1D8 /* Products */,
				EC084B2F22CD22A417FC603A /* Pods */,
				984A8327057EB7CB04982FF7 /* Frameworks */,
			);
			sourceTree = "<group>";
		};
		7970DF4B26154B610094B1D8 /* Products */ = {
			isa = PBXGroup;
			children = (
				7970DF4A26154B610094B1D8 /* GhProfile.app */,
				7970DF6026154B620094B1D8 /* GhProfileTests.xctest */,
				7970DF6B26154B620094B1D8 /* GhProfileUITests.xctest */,
			);
			name = Products;
			sourceTree = "<group>";
		};
		7970DF4C26154B610094B1D8 /* GhProfile */ = {
			isa = PBXGroup;
			children = (
				79D4118C2615DC6B00EBE41B /* extension */,
				79D411782615C41D00EBE41B /* model */,
				7970DFCB2615AEE20094B1D8 /* repository */,
				7970DF96261573E80094B1D8 /* graphql */,
				7970DFB726158D3A0094B1D8 /* view */,
				7970DFB226157A7D0094B1D8 /* API.swift */,
				7970DF4D26154B610094B1D8 /* AppDelegate.swift */,
				7970DF5126154B610094B1D8 /* ViewController.swift */,
				7970DF5326154B610094B1D8 /* Main.storyboard */,
				7970DF5626154B620094B1D8 /* Assets.xcassets */,
				7970DF5826154B620094B1D8 /* LaunchScreen.storyboard */,
				7970DF5B26154B620094B1D8 /* Info.plist */,
			);
			path = GhProfile;
			sourceTree = "<group>";
		};
		7970DF6326154B620094B1D8 /* GhProfileTests */ = {
			isa = PBXGroup;
			children = (
				7970DF6426154B620094B1D8 /* GhProfileTests.swift */,
				7970DF6626154B620094B1D8 /* Info.plist */,
			);
			path = GhProfileTests;
			sourceTree = "<group>";
		};
		7970DF6E26154B620094B1D8 /* GhProfileUITests */ = {
			isa = PBXGroup;
			children = (
				7970DF6F26154B620094B1D8 /* GhProfileUITests.swift */,
				7970DF7126154B620094B1D8 /* Info.plist */,
			);
			path = GhProfileUITests;
			sourceTree = "<group>";
		};
		7970DF96261573E80094B1D8 /* graphql */ = {
			isa = PBXGroup;
			children = (
				7970DF97261574070094B1D8 /* schema.json */,
				7970DF9F261574820094B1D8 /* GetRepositories.graphql */,
				7970DFD12615B11A0094B1D8 /* GetPinnedRepositories.graphql */,
				79D4119A2615EA0700EBE41B /* GetProfile.graphql */,
			);
			path = graphql;
			sourceTree = "<group>";
		};
		7970DFB726158D3A0094B1D8 /* view */ = {
			isa = PBXGroup;
			children = (
				7970DFB826158D420094B1D8 /* profile */,
			);
			path = view;
			sourceTree = "<group>";
		};
		7970DFB826158D420094B1D8 /* profile */ = {
			isa = PBXGroup;
			children = (
				7970DFB926158DCB0094B1D8 /* ProfileViewController.swift */,
				7970DFC626159FF50094B1D8 /* RepositoryCell.swift */,
				79D411732615B5DE00EBE41B /* ProfilePresenter.swift */,
			);
			path = profile;
			sourceTree = "<group>";
		};
		7970DFCB2615AEE20094B1D8 /* repository */ = {
			isa = PBXGroup;
			children = (
				7970DFCC2615AEF50094B1D8 /* Service.swift */,
				7970DFD62615B2030094B1D8 /* RemoteRepo.swift */,
				7970DFDB2615B20F0094B1D8 /* Repo.swift */,
			);
			path = repository;
			sourceTree = "<group>";
		};
		79D411782615C41D00EBE41B /* model */ = {
			isa = PBXGroup;
			children = (
				79D4117A2615C46E00EBE41B /* RequestError.swift */,
				79D4117F2615CF7800EBE41B /* RepositoryModel.swift */,
				79D411952615E16900EBE41B /* User.swift */,
			);
			path = model;
			sourceTree = "<group>";
		};
		79D4118C2615DC6B00EBE41B /* extension */ = {
			isa = PBXGroup;
			children = (
				79D4118D2615DC7A00EBE41B /* Ext+String.swift */,
			);
			path = extension;
			sourceTree = "<group>";
		};
		984A8327057EB7CB04982FF7 /* Frameworks */ = {
			isa = PBXGroup;
			children = (
				61E0288DF8E688C81D37A9FC /* Pods_GhProfile.framework */,
				904EE4DAA6674D2541885C52 /* Pods_GhProfile_GhProfileUITests.framework */,
				5B203AE9D0729EAFD9E31CEA /* Pods_GhProfileTests.framework */,
			);
			name = Frameworks;
			sourceTree = "<group>";
		};
		EC084B2F22CD22A417FC603A /* Pods */ = {
			isa = PBXGroup;
			children = (
				E330E85774F7D1C3D2970F67 /* Pods-GhProfile.debug.xcconfig */,
				5842891A5FB99474DBC6BB88 /* Pods-GhProfile.release.xcconfig */,
				08B23AAA0D9927CB97AC0FD8 /* Pods-GhProfile-GhProfileUITests.debug.xcconfig */,
				DD481BF47E750458ED02ABF3 /* Pods-GhProfile-GhProfileUITests.release.xcconfig */,
				7DA19C7111F767A36B7D3375 /* Pods-GhProfileTests.debug.xcconfig */,
				1F1303D29F4A363723B29916 /* Pods-GhProfileTests.release.xcconfig */,
			);
			path = Pods;
			sourceTree = "<group>";
		};
/* End PBXGroup section */

/* Begin PBXNativeTarget section */
		7970DF4926154B610094B1D8 /* GhProfile */ = {
			isa = PBXNativeTarget;
			buildConfigurationList = 7970DF7426154B620094B1D8 /* Build configuration list for PBXNativeTarget "GhProfile" */;
			buildPhases = (
				E5DA1040E85419C4FFA4B300 /* [CP] Check Pods Manifest.lock */,
				7970DF4626154B610094B1D8 /* Sources */,
				7970DF4726154B610094B1D8 /* Frameworks */,
				7970DF4826154B610094B1D8 /* Resources */,
				0C58547917CA2A8A37C27E40 /* [CP] Embed Pods Frameworks */,
				7970DFA4261574960094B1D8 /* Generate Graphql Helper */,
			);
			buildRules = (
			);
			dependencies = (
			);
			name = GhProfile;
			productName = GhProfile;
			productReference = 7970DF4A26154B610094B1D8 /* GhProfile.app */;
			productType = "com.apple.product-type.application";
		};
		7970DF5F26154B620094B1D8 /* GhProfileTests */ = {
			isa = PBXNativeTarget;
			buildConfigurationList = 7970DF7726154B620094B1D8 /* Build configuration list for PBXNativeTarget "GhProfileTests" */;
			buildPhases = (
				B46DD8813CC1964537C92FA6 /* [CP] Check Pods Manifest.lock */,
				7970DF5C26154B620094B1D8 /* Sources */,
				7970DF5D26154B620094B1D8 /* Frameworks */,
				7970DF5E26154B620094B1D8 /* Resources */,
			);
			buildRules = (
			);
			dependencies = (
				7970DF6226154B620094B1D8 /* PBXTargetDependency */,
			);
			name = GhProfileTests;
			productName = GhProfileTests;
			productReference = 7970DF6026154B620094B1D8 /* GhProfileTests.xctest */;
			productType = "com.apple.product-type.bundle.unit-test";
		};
		7970DF6A26154B620094B1D8 /* GhProfileUITests */ = {
			isa = PBXNativeTarget;
			buildConfigurationList = 7970DF7A26154B620094B1D8 /* Build configuration list for PBXNativeTarget "GhProfileUITests" */;
			buildPhases = (
				B39014CFA17BE6E9EF78F460 /* [CP] Check Pods Manifest.lock */,
				7970DF6726154B620094B1D8 /* Sources */,
				7970DF6826154B620094B1D8 /* Frameworks */,
				7970DF6926154B620094B1D8 /* Resources */,
				346CAB73EE6F22BE30C9B0FE /* [CP] Embed Pods Frameworks */,
			);
			buildRules = (
			);
			dependencies = (
				7970DF6D26154B620094B1D8 /* PBXTargetDependency */,
			);
			name = GhProfileUITests;
			productName = GhProfileUITests;
			productReference = 7970DF6B26154B620094B1D8 /* GhProfileUITests.xctest */;
			productType = "com.apple.product-type.bundle.ui-testing";
		};
/* End PBXNativeTarget section */

/* Begin PBXProject section */
		7970DF4226154B610094B1D8 /* Project object */ = {
			isa = PBXProject;
			attributes = {
				LastSwiftUpdateCheck = 1240;
				LastUpgradeCheck = 1240;
				TargetAttributes = {
					7970DF4926154B610094B1D8 = {
						CreatedOnToolsVersion = 12.4;
					};
					7970DF5F26154B620094B1D8 = {
						CreatedOnToolsVersion = 12.4;
						TestTargetID = 7970DF4926154B610094B1D8;
					};
					7970DF6A26154B620094B1D8 = {
						CreatedOnToolsVersion = 12.4;
						TestTargetID = 7970DF4926154B610094B1D8;
					};
				};
			};
			buildConfigurationList = 7970DF4526154B610094B1D8 /* Build configuration list for PBXProject "GhProfile" */;
			compatibilityVersion = "Xcode 9.3";
			developmentRegion = en;
			hasScannedForEncodings = 0;
			knownRegions = (
				en,
				Base,
			);
			mainGroup = 7970DF4126154B610094B1D8;
			productRefGroup = 7970DF4B26154B610094B1D8 /* Products */;
			projectDirPath = "";
			projectRoot = "";
			targets = (
				7970DF4926154B610094B1D8 /* GhProfile */,
				7970DF5F26154B620094B1D8 /* GhProfileTests */,
				7970DF6A26154B620094B1D8 /* GhProfileUITests */,
			);
		};
/* End PBXProject section */

/* Begin PBXResourcesBuildPhase section */
		7970DF4826154B610094B1D8 /* Resources */ = {
			isa = PBXResourcesBuildPhase;
			buildActionMask = 2147483647;
			files = (
				7970DF98261574070094B1D8 /* schema.json in Resources */,
				7970DFD22615B11A0094B1D8 /* GetPinnedRepositories.graphql in Resources */,
				79D4119B2615EA0700EBE41B /* GetProfile.graphql in Resources */,
				7970DF5A26154B620094B1D8 /* LaunchScreen.storyboard in Resources */,
				7970DF5726154B620094B1D8 /* Assets.xcassets in Resources */,
				7970DF5526154B610094B1D8 /* Main.storyboard in Resources */,
				7970DFA0261574820094B1D8 /* GetRepositories.graphql in Resources */,
			);
			runOnlyForDeploymentPostprocessing = 0;
		};
		7970DF5E26154B620094B1D8 /* Resources */ = {
			isa = PBXResourcesBuildPhase;
			buildActionMask = 2147483647;
			files = (
			);
			runOnlyForDeploymentPostprocessing = 0;
		};
		7970DF6926154B620094B1D8 /* Resources */ = {
			isa = PBXResourcesBuildPhase;
			buildActionMask = 2147483647;
			files = (
			);
			runOnlyForDeploymentPostprocessing = 0;
		};
/* End PBXResourcesBuildPhase section */

/* Begin PBXShellScriptBuildPhase section */
		0C58547917CA2A8A37C27E40 /* [CP] Embed Pods Frameworks */ = {
			isa = PBXShellScriptBuildPhase;
			buildActionMask = 2147483647;
			files = (
			);
			inputFileListPaths = (
				"${PODS_ROOT}/Target Support Files/Pods-GhProfile/Pods-GhProfile-frameworks-${CONFIGURATION}-input-files.xcfilelist",
			);
			name = "[CP] Embed Pods Frameworks";
			outputFileListPaths = (
				"${PODS_ROOT}/Target Support Files/Pods-GhProfile/Pods-GhProfile-frameworks-${CONFIGURATION}-output-files.xcfilelist",
			);
			runOnlyForDeploymentPostprocessing = 0;
			shellPath = /bin/sh;
			shellScript = "\"${PODS_ROOT}/Target Support Files/Pods-GhProfile/Pods-GhProfile-frameworks.sh\"\n";
			showEnvVarsInLog = 0;
		};
		346CAB73EE6F22BE30C9B0FE /* [CP] Embed Pods Frameworks */ = {
			isa = PBXShellScriptBuildPhase;
			buildActionMask = 2147483647;
			files = (
			);
			inputFileListPaths = (
				"${PODS_ROOT}/Target Support Files/Pods-GhProfile-GhProfileUITests/Pods-GhProfile-GhProfileUITests-frameworks-${CONFIGURATION}-input-files.xcfilelist",
			);
			name = "[CP] Embed Pods Frameworks";
			outputFileListPaths = (
				"${PODS_ROOT}/Target Support Files/Pods-GhProfile-GhProfileUITests/Pods-GhProfile-GhProfileUITests-frameworks-${CONFIGURATION}-output-files.xcfilelist",
			);
			runOnlyForDeploymentPostprocessing = 0;
			shellPath = /bin/sh;
			shellScript = "\"${PODS_ROOT}/Target Support Files/Pods-GhProfile-GhProfileUITests/Pods-GhProfile-GhProfileUITests-frameworks.sh\"\n";
			showEnvVarsInLog = 0;
		};
		7970DFA4261574960094B1D8 /* Generate Graphql Helper */ = {
			isa = PBXShellScriptBuildPhase;
			buildActionMask = 2147483647;
			files = (
			);
			inputFileListPaths = (
			);
			inputPaths = (
			);
			name = "Generate Graphql Helper";
			outputFileListPaths = (
			);
			outputPaths = (
			);
			runOnlyForDeploymentPostprocessing = 0;
			shellPath = /bin/sh;
			shellScript = "SCRIPT_PATH=\"${PODS_ROOT}/Apollo/scripts\"\ncd \"${SRCROOT}/${TARGET_NAME}\"\n\"${SCRIPT_PATH}\"/run-bundled-codegen.sh codegen:generate --target=swift --includes=./**/*.graphql --localSchemaFile=\"./graphql/schema.json\" API.swift\n";
		};
		B39014CFA17BE6E9EF78F460 /* [CP] Check Pods Manifest.lock */ = {
			isa = PBXShellScriptBuildPhase;
			buildActionMask = 2147483647;
			files = (
			);
			inputFileListPaths = (
			);
			inputPaths = (
				"${PODS_PODFILE_DIR_PATH}/Podfile.lock",
				"${PODS_ROOT}/Manifest.lock",
			);
			name = "[CP] Check Pods Manifest.lock";
			outputFileListPaths = (
			);
			outputPaths = (
				"$(DERIVED_FILE_DIR)/Pods-GhProfile-GhProfileUITests-checkManifestLockResult.txt",
			);
			runOnlyForDeploymentPostprocessing = 0;
			shellPath = /bin/sh;
			shellScript = "diff \"${PODS_PODFILE_DIR_PATH}/Podfile.lock\" \"${PODS_ROOT}/Manifest.lock\" > /dev/null\nif [ $? != 0 ] ; then\n    # print error to STDERR\n    echo \"error: The sandbox is not in sync with the Podfile.lock. Run 'pod install' or update your CocoaPods installation.\" >&2\n    exit 1\nfi\n# This output is used by Xcode 'outputs' to avoid re-running this script phase.\necho \"SUCCESS\" > \"${SCRIPT_OUTPUT_FILE_0}\"\n";
			showEnvVarsInLog = 0;
		};
		B46DD8813CC1964537C92FA6 /* [CP] Check Pods Manifest.lock */ = {
			isa = PBXShellScriptBuildPhase;
			buildActionMask = 2147483647;
			files = (
			);
			inputFileListPaths = (
			);
			inputPaths = (
				"${PODS_PODFILE_DIR_PATH}/Podfile.lock",
				"${PODS_ROOT}/Manifest.lock",
			);
			name = "[CP] Check Pods Manifest.lock";
			outputFileListPaths = (
			);
			outputPaths = (
				"$(DERIVED_FILE_DIR)/Pods-GhProfileTests-checkManifestLockResult.txt",
			);
			runOnlyForDeploymentPostprocessing = 0;
			shellPath = /bin/sh;
			shellScript = "diff \"${PODS_PODFILE_DIR_PATH}/Podfile.lock\" \"${PODS_ROOT}/Manifest.lock\" > /dev/null\nif [ $? != 0 ] ; then\n    # print error to STDERR\n    echo \"error: The sandbox is not in sync with the Podfile.lock. Run 'pod install' or update your CocoaPods installation.\" >&2\n    exit 1\nfi\n# This output is used by Xcode 'outputs' to avoid re-running this script phase.\necho \"SUCCESS\" > \"${SCRIPT_OUTPUT_FILE_0}\"\n";
			showEnvVarsInLog = 0;
		};
		E5DA1040E85419C4FFA4B300 /* [CP] Check Pods Manifest.lock */ = {
			isa = PBXShellScriptBuildPhase;
			buildActionMask = 2147483647;
			files = (
			);
			inputFileListPaths = (
			);
			inputPaths = (
				"${PODS_PODFILE_DIR_PATH}/Podfile.lock",
				"${PODS_ROOT}/Manifest.lock",
			);
			name = "[CP] Check Pods Manifest.lock";
			outputFileListPaths = (
			);
			outputPaths = (
				"$(DERIVED_FILE_DIR)/Pods-GhProfile-checkManifestLockResult.txt",
			);
			runOnlyForDeploymentPostprocessing = 0;
			shellPath = /bin/sh;
			shellScript = "diff \"${PODS_PODFILE_DIR_PATH}/Podfile.lock\" \"${PODS_ROOT}/Manifest.lock\" > /dev/null\nif [ $? != 0 ] ; then\n    # print error to STDERR\n    echo \"error: The sandbox is not in sync with the Podfile.lock. Run 'pod install' or update your CocoaPods installation.\" >&2\n    exit 1\nfi\n# This output is used by Xcode 'outputs' to avoid re-running this script phase.\necho \"SUCCESS\" > \"${SCRIPT_OUTPUT_FILE_0}\"\n";
			showEnvVarsInLog = 0;
		};
/* End PBXShellScriptBuildPhase section */

/* Begin PBXSourcesBuildPhase section */
		7970DF4626154B610094B1D8 /* Sources */ = {
			isa = PBXSourcesBuildPhase;
			buildActionMask = 2147483647;
			files = (
				79D411962615E16900EBE41B /* User.swift in Sources */,
				7970DFC726159FF50094B1D8 /* RepositoryCell.swift in Sources */,
				7970DF5226154B610094B1D8 /* ViewController.swift in Sources */,
				79D4118E2615DC7A00EBE41B /* Ext+String.swift in Sources */,
				7970DFB326157A7D0094B1D8 /* API.swift in Sources */,
				7970DFDC2615B20F0094B1D8 /* Repo.swift in Sources */,
				79D411802615CF7800EBE41B /* RepositoryModel.swift in Sources */,
				7970DFBA26158DCB0094B1D8 /* ProfileViewController.swift in Sources */,
				79D411742615B5DE00EBE41B /* ProfilePresenter.swift in Sources */,
				79D4117B2615C46E00EBE41B /* RequestError.swift in Sources */,
				7970DF4E26154B610094B1D8 /* AppDelegate.swift in Sources */,
				7970DFCD2615AEF50094B1D8 /* Service.swift in Sources */,
				7970DFD72615B2030094B1D8 /* RemoteRepo.swift in Sources */,
			);
			runOnlyForDeploymentPostprocessing = 0;
		};
		7970DF5C26154B620094B1D8 /* Sources */ = {
			isa = PBXSourcesBuildPhase;
			buildActionMask = 2147483647;
			files = (
				7970DF6526154B620094B1D8 /* GhProfileTests.swift in Sources */,
			);
			runOnlyForDeploymentPostprocessing = 0;
		};
		7970DF6726154B620094B1D8 /* Sources */ = {
			isa = PBXSourcesBuildPhase;
			buildActionMask = 2147483647;
			files = (
				7970DF7026154B620094B1D8 /* GhProfileUITests.swift in Sources */,
			);
			runOnlyForDeploymentPostprocessing = 0;
		};
/* End PBXSourcesBuildPhase section */

/* Begin PBXTargetDependency section */
		7970DF6226154B620094B1D8 /* PBXTargetDependency */ = {
			isa = PBXTargetDependency;
			target = 7970DF4926154B610094B1D8 /* GhProfile */;
			targetProxy = 7970DF6126154B620094B1D8 /* PBXContainerItemProxy */;
		};
		7970DF6D26154B620094B1D8 /* PBXTargetDependency */ = {
			isa = PBXTargetDependency;
			target = 7970DF4926154B610094B1D8 /* GhProfile */;
			targetProxy = 7970DF6C26154B620094B1D8 /* PBXContainerItemProxy */;
		};
/* End PBXTargetDependency section */

/* Begin PBXVariantGroup section */
		7970DF5326154B610094B1D8 /* Main.storyboard */ = {
			isa = PBXVariantGroup;
			children = (
				7970DF5426154B610094B1D8 /* Base */,
			);
			name = Main.storyboard;
			sourceTree = "<group>";
		};
		7970DF5826154B620094B1D8 /* LaunchScreen.storyboard */ = {
			isa = PBXVariantGroup;
			children = (
				7970DF5926154B620094B1D8 /* Base */,
			);
			name = LaunchScreen.storyboard;
			sourceTree = "<group>";
		};
/* End PBXVariantGroup section */

/* Begin XCBuildConfiguration section */
		7970DF7226154B620094B1D8 /* Debug */ = {
			isa = XCBuildConfiguration;
			buildSettings = {
				ALWAYS_SEARCH_USER_PATHS = NO;
				CLANG_ANALYZER_NONNULL = YES;
				CLANG_ANALYZER_NUMBER_OBJECT_CONVERSION = YES_AGGRESSIVE;
				CLANG_CXX_LANGUAGE_STANDARD = "gnu++14";
				CLANG_CXX_LIBRARY = "libc++";
				CLANG_ENABLE_MODULES = YES;
				CLANG_ENABLE_OBJC_ARC = YES;
				CLANG_ENABLE_OBJC_WEAK = YES;
				CLANG_WARN_BLOCK_CAPTURE_AUTORELEASING = YES;
				CLANG_WARN_BOOL_CONVERSION = YES;
				CLANG_WARN_COMMA = YES;
				CLANG_WARN_CONSTANT_CONVERSION = YES;
				CLANG_WARN_DEPRECATED_OBJC_IMPLEMENTATIONS = YES;
				CLANG_WARN_DIRECT_OBJC_ISA_USAGE = YES_ERROR;
				CLANG_WARN_DOCUMENTATION_COMMENTS = YES;
				CLANG_WARN_EMPTY_BODY = YES;
				CLANG_WARN_ENUM_CONVERSION = YES;
				CLANG_WARN_INFINITE_RECURSION = YES;
				CLANG_WARN_INT_CONVERSION = YES;
				CLANG_WARN_NON_LITERAL_NULL_CONVERSION = YES;
				CLANG_WARN_OBJC_IMPLICIT_RETAIN_SELF = YES;
				CLANG_WARN_OBJC_LITERAL_CONVERSION = YES;
				CLANG_WARN_OBJC_ROOT_CLASS = YES_ERROR;
				CLANG_WARN_QUOTED_INCLUDE_IN_FRAMEWORK_HEADER = YES;
				CLANG_WARN_RANGE_LOOP_ANALYSIS = YES;
				CLANG_WARN_STRICT_PROTOTYPES = YES;
				CLANG_WARN_SUSPICIOUS_MOVE = YES;
				CLANG_WARN_UNGUARDED_AVAILABILITY = YES_AGGRESSIVE;
				CLANG_WARN_UNREACHABLE_CODE = YES;
				CLANG_WARN__DUPLICATE_METHOD_MATCH = YES;
				COPY_PHASE_STRIP = NO;
				DEBUG_INFORMATION_FORMAT = dwarf;
				ENABLE_STRICT_OBJC_MSGSEND = YES;
				ENABLE_TESTABILITY = YES;
				GCC_C_LANGUAGE_STANDARD = gnu11;
				GCC_DYNAMIC_NO_PIC = NO;
				GCC_NO_COMMON_BLOCKS = YES;
				GCC_OPTIMIZATION_LEVEL = 0;
				GCC_PREPROCESSOR_DEFINITIONS = (
					"DEBUG=1",
					"$(inherited)",
				);
				GCC_WARN_64_TO_32_BIT_CONVERSION = YES;
				GCC_WARN_ABOUT_RETURN_TYPE = YES_ERROR;
				GCC_WARN_UNDECLARED_SELECTOR = YES;
				GCC_WARN_UNINITIALIZED_AUTOS = YES_AGGRESSIVE;
				GCC_WARN_UNUSED_FUNCTION = YES;
				GCC_WARN_UNUSED_VARIABLE = YES;
				IPHONEOS_DEPLOYMENT_TARGET = 11.0;
				MTL_ENABLE_DEBUG_INFO = INCLUDE_SOURCE;
				MTL_FAST_MATH = YES;
				ONLY_ACTIVE_ARCH = YES;
				SDKROOT = iphoneos;
				SWIFT_ACTIVE_COMPILATION_CONDITIONS = DEBUG;
				SWIFT_OPTIMIZATION_LEVEL = "-Onone";
			};
			name = Debug;
		};
		7970DF7326154B620094B1D8 /* Release */ = {
			isa = XCBuildConfiguration;
			buildSettings = {
				ALWAYS_SEARCH_USER_PATHS = NO;
				CLANG_ANALYZER_NONNULL = YES;
				CLANG_ANALYZER_NUMBER_OBJECT_CONVERSION = YES_AGGRESSIVE;
				CLANG_CXX_LANGUAGE_STANDARD = "gnu++14";
				CLANG_CXX_LIBRARY = "libc++";
				CLANG_ENABLE_MODULES = YES;
				CLANG_ENABLE_OBJC_ARC = YES;
				CLANG_ENABLE_OBJC_WEAK = YES;
				CLANG_WARN_BLOCK_CAPTURE_AUTORELEASING = YES;
				CLANG_WARN_BOOL_CONVERSION = YES;
				CLANG_WARN_COMMA = YES;
				CLANG_WARN_CONSTANT_CONVERSION = YES;
				CLANG_WARN_DEPRECATED_OBJC_IMPLEMENTATIONS = YES;
				CLANG_WARN_DIRECT_OBJC_ISA_USAGE = YES_ERROR;
				CLANG_WARN_DOCUMENTATION_COMMENTS = YES;
				CLANG_WARN_EMPTY_BODY = YES;
				CLANG_WARN_ENUM_CONVERSION = YES;
				CLANG_WARN_INFINITE_RECURSION = YES;
				CLANG_WARN_INT_CONVERSION = YES;
				CLANG_WARN_NON_LITERAL_NULL_CONVERSION = YES;
				CLANG_WARN_OBJC_IMPLICIT_RETAIN_SELF = YES;
				CLANG_WARN_OBJC_LITERAL_CONVERSION = YES;
				CLANG_WARN_OBJC_ROOT_CLASS = YES_ERROR;
				CLANG_WARN_QUOTED_INCLUDE_IN_FRAMEWORK_HEADER = YES;
				CLANG_WARN_RANGE_LOOP_ANALYSIS = YES;
				CLANG_WARN_STRICT_PROTOTYPES = YES;
				CLANG_WARN_SUSPICIOUS_MOVE = YES;
				CLANG_WARN_UNGUARDED_AVAILABILITY = YES_AGGRESSIVE;
				CLANG_WARN_UNREACHABLE_CODE = YES;
				CLANG_WARN__DUPLICATE_METHOD_MATCH = YES;
				COPY_PHASE_STRIP = NO;
				DEBUG_INFORMATION_FORMAT = "dwarf-with-dsym";
				ENABLE_NS_ASSERTIONS = NO;
				ENABLE_STRICT_OBJC_MSGSEND = YES;
				GCC_C_LANGUAGE_STANDARD = gnu11;
				GCC_NO_COMMON_BLOCKS = YES;
				GCC_WARN_64_TO_32_BIT_CONVERSION = YES;
				GCC_WARN_ABOUT_RETURN_TYPE = YES_ERROR;
				GCC_WARN_UNDECLARED_SELECTOR = YES;
				GCC_WARN_UNINITIALIZED_AUTOS = YES_AGGRESSIVE;
				GCC_WARN_UNUSED_FUNCTION = YES;
				GCC_WARN_UNUSED_VARIABLE = YES;
				IPHONEOS_DEPLOYMENT_TARGET = 11.0;
				MTL_ENABLE_DEBUG_INFO = NO;
				MTL_FAST_MATH = YES;
				SDKROOT = iphoneos;
				SWIFT_COMPILATION_MODE = wholemodule;
				SWIFT_OPTIMIZATION_LEVEL = "-O";
				VALIDATE_PRODUCT = YES;
			};
			name = Release;
		};
		7970DF7526154B620094B1D8 /* Debug */ = {
			isa = XCBuildConfiguration;
			baseConfigurationReference = E330E85774F7D1C3D2970F67 /* Pods-GhProfile.debug.xcconfig */;
			buildSettings = {
				ASSETCATALOG_COMPILER_APPICON_NAME = AppIcon;
				ASSETCATALOG_COMPILER_GLOBAL_ACCENT_COLOR_NAME = AccentColor;
				CODE_SIGN_STYLE = Automatic;
				INFOPLIST_FILE = GhProfile/Info.plist;
				IPHONEOS_DEPLOYMENT_TARGET = 11.0;
				LD_RUNPATH_SEARCH_PATHS = (
					"$(inherited)",
					"@executable_path/Frameworks",
				);
				PRODUCT_BUNDLE_IDENTIFIER = com.projectbox.GhProfile;
				PRODUCT_NAME = "$(TARGET_NAME)";
				SWIFT_VERSION = 5.0;
				TARGETED_DEVICE_FAMILY = "1,2";
			};
			name = Debug;
		};
		7970DF7626154B620094B1D8 /* Release */ = {
			isa = XCBuildConfiguration;
			baseConfigurationReference = 5842891A5FB99474DBC6BB88 /* Pods-GhProfile.release.xcconfig */;
			buildSettings = {
				ASSETCATALOG_COMPILER_APPICON_NAME = AppIcon;
				ASSETCATALOG_COMPILER_GLOBAL_ACCENT_COLOR_NAME = AccentColor;
				CODE_SIGN_STYLE = Automatic;
				INFOPLIST_FILE = GhProfile/Info.plist;
				IPHONEOS_DEPLOYMENT_TARGET = 11.0;
				LD_RUNPATH_SEARCH_PATHS = (
					"$(inherited)",
					"@executable_path/Frameworks",
				);
				PRODUCT_BUNDLE_IDENTIFIER = com.projectbox.GhProfile;
				PRODUCT_NAME = "$(TARGET_NAME)";
				SWIFT_VERSION = 5.0;
				TARGETED_DEVICE_FAMILY = "1,2";
			};
			name = Release;
		};
		7970DF7826154B620094B1D8 /* Debug */ = {
			isa = XCBuildConfiguration;
			baseConfigurationReference = 7DA19C7111F767A36B7D3375 /* Pods-GhProfileTests.debug.xcconfig */;
			buildSettings = {
				ALWAYS_EMBED_SWIFT_STANDARD_LIBRARIES = YES;
				BUNDLE_LOADER = "$(TEST_HOST)";
				CODE_SIGN_STYLE = Automatic;
				INFOPLIST_FILE = GhProfileTests/Info.plist;
				IPHONEOS_DEPLOYMENT_TARGET = 14.4;
				LD_RUNPATH_SEARCH_PATHS = (
					"$(inherited)",
					"@executable_path/Frameworks",
					"@loader_path/Frameworks",
				);
				PRODUCT_BUNDLE_IDENTIFIER = com.projectbox.GhProfileTests;
				PRODUCT_NAME = "$(TARGET_NAME)";
				SWIFT_VERSION = 5.0;
				TARGETED_DEVICE_FAMILY = "1,2";
				TEST_HOST = "$(BUILT_PRODUCTS_DIR)/GhProfile.app/GhProfile";
			};
			name = Debug;
		};
		7970DF7926154B620094B1D8 /* Release */ = {
			isa = XCBuildConfiguration;
			baseConfigurationReference = 1F1303D29F4A363723B29916 /* Pods-GhProfileTests.release.xcconfig */;
			buildSettings = {
				ALWAYS_EMBED_SWIFT_STANDARD_LIBRARIES = YES;
				BUNDLE_LOADER = "$(TEST_HOST)";
				CODE_SIGN_STYLE = Automatic;
				INFOPLIST_FILE = GhProfileTests/Info.plist;
				IPHONEOS_DEPLOYMENT_TARGET = 14.4;
				LD_RUNPATH_SEARCH_PATHS = (
					"$(inherited)",
					"@executable_path/Frameworks",
					"@loader_path/Frameworks",
				);
				PRODUCT_BUNDLE_IDENTIFIER = com.projectbox.GhProfileTests;
				PRODUCT_NAME = "$(TARGET_NAME)";
				SWIFT_VERSION = 5.0;
				TARGETED_DEVICE_FAMILY = "1,2";
				TEST_HOST = "$(BUILT_PRODUCTS_DIR)/GhProfile.app/GhProfile";
			};
			name = Release;
		};
		7970DF7B26154B620094B1D8 /* Debug */ = {
			isa = XCBuildConfiguration;
			baseConfigurationReference = 08B23AAA0D9927CB97AC0FD8 /* Pods-GhProfile-GhProfileUITests.debug.xcconfig */;
			buildSettings = {
				ALWAYS_EMBED_SWIFT_STANDARD_LIBRARIES = YES;
				CODE_SIGN_STYLE = Automatic;
				INFOPLIST_FILE = GhProfileUITests/Info.plist;
				LD_RUNPATH_SEARCH_PATHS = (
					"$(inherited)",
					"@executable_path/Frameworks",
					"@loader_path/Frameworks",
				);
				PRODUCT_BUNDLE_IDENTIFIER = com.projectbox.GhProfileUITests;
				PRODUCT_NAME = "$(TARGET_NAME)";
				SWIFT_VERSION = 5.0;
				TARGETED_DEVICE_FAMILY = "1,2";
				TEST_TARGET_NAME = GhProfile;
			};
			name = Debug;
		};
		7970DF7C26154B620094B1D8 /* Release */ = {
			isa = XCBuildConfiguration;
			baseConfigurationReference = DD481BF47E750458ED02ABF3 /* Pods-GhProfile-GhProfileUITests.release.xcconfig */;
			buildSettings = {
				ALWAYS_EMBED_SWIFT_STANDARD_LIBRARIES = YES;
				CODE_SIGN_STYLE = Automatic;
				INFOPLIST_FILE = GhProfileUITests/Info.plist;
				LD_RUNPATH_SEARCH_PATHS = (
					"$(inherited)",
					"@executable_path/Frameworks",
					"@loader_path/Frameworks",
				);
				PRODUCT_BUNDLE_IDENTIFIER = com.projectbox.GhProfileUITests;
				PRODUCT_NAME = "$(TARGET_NAME)";
				SWIFT_VERSION = 5.0;
				TARGETED_DEVICE_FAMILY = "1,2";
				TEST_TARGET_NAME = GhProfile;
			};
			name = Release;
		};
/* End XCBuildConfiguration section */

/* Begin XCConfigurationList section */
		7970DF4526154B610094B1D8 /* Build configuration list for PBXProject "GhProfile" */ = {
			isa = XCConfigurationList;
			buildConfigurations = (
				7970DF7226154B620094B1D8 /* Debug */,
				7970DF7326154B620094B1D8 /* Release */,
			);
			defaultConfigurationIsVisible = 0;
			defaultConfigurationName = Release;
		};
		7970DF7426154B620094B1D8 /* Build configuration list for PBXNativeTarget "GhProfile" */ = {
			isa = XCConfigurationList;
			buildConfigurations = (
				7970DF7526154B620094B1D8 /* Debug */,
				7970DF7626154B620094B1D8 /* Release */,
			);
			defaultConfigurationIsVisible = 0;
			defaultConfigurationName = Release;
		};
		7970DF7726154B620094B1D8 /* Build configuration list for PBXNativeTarget "GhProfileTests" */ = {
			isa = XCConfigurationList;
			buildConfigurations = (
				7970DF7826154B620094B1D8 /* Debug */,
				7970DF7926154B620094B1D8 /* Release */,
			);
			defaultConfigurationIsVisible = 0;
			defaultConfigurationName = Release;
		};
		7970DF7A26154B620094B1D8 /* Build configuration list for PBXNativeTarget "GhProfileUITests" */ = {
			isa = XCConfigurationList;
			buildConfigurations = (
				7970DF7B26154B620094B1D8 /* Debug */,
				7970DF7C26154B620094B1D8 /* Release */,
			);
			defaultConfigurationIsVisible = 0;
			defaultConfigurationName = Release;
		};
/* End XCConfigurationList section */
	};
	rootObject = 7970DF4226154B610094B1D8 /* Project object */;
}
